
Microsoft Visual Studio Solution File, Format Version 12.00
# Visual Studio Version 17
VisualStudioVersion = 17.8.34511.84
MinimumVisualStudioVersion = 10.0.40219.1
Project("{FAE04EC0-301F-11D3-BF4B-00C04F79EFBC}") = "DemoBankEvent", "DemoBankEvent.csproj", "{33187A82-C72E-4F5E-AB64-311265AB8322}"
EndProject
Global
	GlobalSection(SolutionConfigurationPlatforms) = preSolution
		Debug|Any CPU = Debug|Any CPU
		Release|Any CPU = Release|Any CPU
	EndGlobalSection
	GlobalSection(ProjectConfigurationPlatforms) = postSolution
		{33187A82-C72E-4F5E-AB64-311265AB8322}.Debug|Any CPU.ActiveCfg = Debug|Any CPU
		{33187A82-C72E-4F5E-AB64-311265AB8322}.Debug|Any CPU.Build.0 = Debug|Any CPU
		{33187A82-C72E-4F5E-AB64-311265AB8322}.Release|Any CPU.ActiveCfg = Release|Any CPU
		{33187A82-C72E-4F5E-AB64-311265AB8322}.Release|Any CPU.Build.0 = Release|Any CPU
	EndGlobalSection
	GlobalSection(SolutionProperties) = preSolution
		HideSolutionNode = FALSE
	EndGlobalSection
	GlobalSection(ExtensibilityGlobals) = postSolution
		SolutionGuid = {A209B9A9-CC9A-4019-90F0-858934A0B51E}
	EndGlobalSection
EndGlobal
